
Microsoft Visual Studio Solution File, Format Version 12.00
# Visual Studio Version 17
VisualStudioVersion = 17.0.31919.166
MinimumVisualStudioVersion = 10.0.40219.1
Project("{9A19103F-16F7-4668-BE54-9A1E7A4F7556}") = "WhoAmI.Web", "WhoAmI.Web\WhoAmI.Web.csproj", "{983FEAC5-A192-4ED8-BBAA-37CE52EEB24B}"
EndProject
Project("{2150E333-8FDC-42A3-9474-1A3956D46DE8}") = "godot", "godot", "{C2FC752F-6131-46B7-A433-D192A9DA3815}"
EndProject
Project("{E24C65DC-7377-472B-9ABA-BC803B73C61A}") = "Release", "godot\WhoAmI.Interactive\Release\", "{2289F5C4-7D5D-4648-8D64-9E9571954418}"
	ProjectSection(WebsiteProperties) = preProject
		TargetFrameworkMoniker = ".NETFramework,Version%3Dv4.0"
		Debug.AspNetCompiler.VirtualPath = "/localhost_55922"
		Debug.AspNetCompiler.PhysicalPath = "godot\WhoAmI.Interactive\Release\"
		Debug.AspNetCompiler.TargetPath = "PrecompiledWeb\localhost_55922\"
		Debug.AspNetCompiler.Updateable = "true"
		Debug.AspNetCompiler.ForceOverwrite = "true"
		Debug.AspNetCompiler.FixedNames = "false"
		Debug.AspNetCompiler.Debug = "True"
		Release.AspNetCompiler.VirtualPath = "/localhost_55922"
		Release.AspNetCompiler.PhysicalPath = "godot\WhoAmI.Interactive\Release\"
		Release.AspNetCompiler.TargetPath = "PrecompiledWeb\localhost_55922\"
		Release.AspNetCompiler.Updateable = "true"
		Release.AspNetCompiler.ForceOverwrite = "true"
		Release.AspNetCompiler.FixedNames = "false"
		Release.AspNetCompiler.Debug = "False"
		VWDPort = "55922"
	EndProjectSection
EndProject
Global
	GlobalSection(SolutionConfigurationPlatforms) = preSolution
		Debug|Any CPU = Debug|Any CPU
		Release|Any CPU = Release|Any CPU
	EndGlobalSection
	GlobalSection(ProjectConfigurationPlatforms) = postSolution
		{983FEAC5-A192-4ED8-BBAA-37CE52EEB24B}.Debug|Any CPU.ActiveCfg = Debug|Any CPU
		{983FEAC5-A192-4ED8-BBAA-37CE52EEB24B}.Debug|Any CPU.Build.0 = Debug|Any CPU
		{983FEAC5-A192-4ED8-BBAA-37CE52EEB24B}.Release|Any CPU.ActiveCfg = Release|Any CPU
		{983FEAC5-A192-4ED8-BBAA-37CE52EEB24B}.Release|Any CPU.Build.0 = Release|Any CPU
		{2289F5C4-7D5D-4648-8D64-9E9571954418}.Debug|Any CPU.ActiveCfg = Debug|Any CPU
		{2289F5C4-7D5D-4648-8D64-9E9571954418}.Debug|Any CPU.Build.0 = Debug|Any CPU
		{2289F5C4-7D5D-4648-8D64-9E9571954418}.Release|Any CPU.ActiveCfg = Debug|Any CPU
		{2289F5C4-7D5D-4648-8D64-9E9571954418}.Release|Any CPU.Build.0 = Debug|Any CPU
	EndGlobalSection
	GlobalSection(SolutionProperties) = preSolution
		HideSolutionNode = FALSE
	EndGlobalSection
	GlobalSection(NestedProjects) = preSolution
		{2289F5C4-7D5D-4648-8D64-9E9571954418} = {C2FC752F-6131-46B7-A433-D192A9DA3815}
	EndGlobalSection
	GlobalSection(ExtensibilityGlobals) = postSolution
		SolutionGuid = {84426DD8-F933-464F-848C-34C1AF1780D1}
	EndGlobalSection
EndGlobal
